# This file is automatically @generated by Wally.
# It is not intended for manual editing.
registry = "test"

[[package]]
name = "elttob/fusion"
version = "0.3.0"
dependencies = []

[[package]]
name = "prvdmwrong/core"
version = "0.2.0-dev.17"
dependencies = []

[[package]]
name = "team-fireworks/total-fire-towers"
version = "0.1.0"
dependencies = [["Fusion", "elttob/fusion@0.3.0"], ["prvd", "prvdmwrong/core@0.2.0-dev.17"]]
